
Microsoft Visual Studio Solution File, Format Version 12.00
# Visual Studio Version 17
VisualStudioVersion = 17.5.33516.290
MinimumVisualStudioVersion = 10.0.40219.1
Project("{FAE04EC0-301F-11D3-BF4B-00C04F79EFBC}") = "Ted.RandomInfoGenerator", "Ted.RandomInfoGenerator\Ted.RandomInfoGenerator.csproj", "{55B974A9-DE95-4A64-9587-45B1BC9D75A2}"
EndProject
Project("{FAE04EC0-301F-11D3-BF4B-00C04F79EFBC}") = "test", "test\test.csproj", "{8F982101-CAC1-4F72-AEF6-1F3582585F59}"
EndProject
Global
	GlobalSection(SolutionConfigurationPlatforms) = preSolution
		Debug|Any CPU = Debug|Any CPU
		Release|Any CPU = Release|Any CPU
	EndGlobalSection
	GlobalSection(ProjectConfigurationPlatforms) = postSolution
		{55B974A9-DE95-4A64-9587-45B1BC9D75A2}.Debug|Any CPU.ActiveCfg = Debug|Any CPU
		{55B974A9-DE95-4A64-9587-45B1BC9D75A2}.Debug|Any CPU.Build.0 = Debug|Any CPU
		{55B974A9-DE95-4A64-9587-45B1BC9D75A2}.Release|Any CPU.ActiveCfg = Release|Any CPU
		{55B974A9-DE95-4A64-9587-45B1BC9D75A2}.Release|Any CPU.Build.0 = Release|Any CPU
		{8F982101-CAC1-4F72-AEF6-1F3582585F59}.Debug|Any CPU.ActiveCfg = Debug|Any CPU
		{8F982101-CAC1-4F72-AEF6-1F3582585F59}.Debug|Any CPU.Build.0 = Debug|Any CPU
		{8F982101-CAC1-4F72-AEF6-1F3582585F59}.Release|Any CPU.ActiveCfg = Release|Any CPU
		{8F982101-CAC1-4F72-AEF6-1F3582585F59}.Release|Any CPU.Build.0 = Release|Any CPU
	EndGlobalSection
	GlobalSection(SolutionProperties) = preSolution
		HideSolutionNode = FALSE
	EndGlobalSection
	GlobalSection(ExtensibilityGlobals) = postSolution
		SolutionGuid = {23BF14BC-F8EE-4292-A03A-84BC5940E4EE}
	EndGlobalSection
EndGlobal
